// !$*UTF8*$!
{
	archiveVersion = 1;
	classes = {
	};
	objectVersion = 46;
	objects = {

/* Begin PBXBuildFile section */
		C5A496AE1A27226500EDCCB0 /* AppDelegate.swift in Sources */ = {isa = PBXBuildFile; fileRef = C5A496AD1A27226500EDCCB0 /* AppDelegate.swift */; };
		C5A496B01A27226500EDCCB0 /* ViewController.swift in Sources */ = {isa = PBXBuildFile; fileRef = C5A496AF1A27226500EDCCB0 /* ViewController.swift */; };
		C5A496B31A27226500EDCCB0 /* Main.storyboard in Resources */ = {isa = PBXBuildFile; fileRef = C5A496B11A27226500EDCCB0 /* Main.storyboard */; };
		C5A496B51A27226500EDCCB0 /* Images.xcassets in Resources */ = {isa = PBXBuildFile; fileRef = C5A496B41A27226500EDCCB0 /* Images.xcassets */; };
		C5A496B81A27226500EDCCB0 /* LaunchScreen.xib in Resources */ = {isa = PBXBuildFile; fileRef = C5A496B61A27226500EDCCB0 /* LaunchScreen.xib */; };
		C5A496C41A27226500EDCCB0 /* Ders4_2Tests.swift in Sources */ = {isa = PBXBuildFile; fileRef = C5A496C31A27226500EDCCB0 /* Ders4_2Tests.swift */; };
		C5A496CE1A2722EB00EDCCB0 /* MapKit.framework in Frameworks */ = {isa = PBXBuildFile; fileRef = C5A496CD1A2722EB00EDCCB0 /* MapKit.framework */; };
		C5A496D01A27246700EDCCB0 /* SDUAnnotation.swift in Sources */ = {isa = PBXBuildFile; fileRef = C5A496CF1A27246700EDCCB0 /* SDUAnnotation.swift */; };
/* End PBXBuildFile section */

/* Begin PBXContainerItemProxy section */
		C5A496BE1A27226500EDCCB0 /* PBXContainerItemProxy */ = {
			isa = PBXContainerItemProxy;
			containerPortal = C5A496A01A27226400EDCCB0 /* Project object */;
			proxyType = 1;
			remoteGlobalIDString = C5A496A71A27226500EDCCB0;
			remoteInfo = "Ders4-2";
		};
/* End PBXContainerItemProxy section */

/* Begin PBXFileReference section */
		C5A496A81A27226500EDCCB0 /* Ders4-2.app */ = {isa = PBXFileReference; explicitFileType = wrapper.application; includeInIndex = 0; path = "Ders4-2.app"; sourceTree = BUILT_PRODUCTS_DIR; };
		C5A496AC1A27226500EDCCB0 /* Info.plist */ = {isa = PBXFileReference; lastKnownFileType = text.plist.xml; path = Info.plist; sourceTree = "<group>"; };
		C5A496AD1A27226500EDCCB0 /* AppDelegate.swift */ = {isa = PBXFileReference; lastKnownFileType = sourcecode.swift; path = AppDelegate.swift; sourceTree = "<group>"; };
		C5A496AF1A27226500EDCCB0 /* ViewController.swift */ = {isa = PBXFileReference; lastKnownFileType = sourcecode.swift; path = ViewController.swift; sourceTree = "<group>"; };
		C5A496B21A27226500EDCCB0 /* Base */ = {isa = PBXFileReference; lastKnownFileType = file.storyboard; name = Base; path = Base.lproj/Main.storyboard; sourceTree = "<group>"; };
		C5A496B41A27226500EDCCB0 /* Images.xcassets */ = {isa = PBXFileReference; lastKnownFileType = folder.assetcatalog; path = Images.xcassets; sourceTree = "<group>"; };
		C5A496B71A27226500EDCCB0 /* Base */ = {isa = PBXFileReference; lastKnownFileType = file.xib; name = Base; path = Base.lproj/LaunchScreen.xib; sourceTree = "<group>"; };
		C5A496BD1A27226500EDCCB0 /* Ders4-2Tests.xctest */ = {isa = PBXFileReference; explicitFileType = wrapper.cfbundle; includeInIndex = 0; path = "Ders4-2Tests.xctest"; sourceTree = BUILT_PRODUCTS_DIR; };
		C5A496C21A27226500EDCCB0 /* Info.plist */ = {isa = PBXFileReference; lastKnownFileType = text.plist.xml; path = Info.plist; sourceTree = "<group>"; };
		C5A496C31A27226500EDCCB0 /* Ders4_2Tests.swift */ = {isa = PBXFileReference; lastKnownFileType = sourcecode.swift; path = Ders4_2Tests.swift; sourceTree = "<group>"; };
		C5A496CD1A2722EB00EDCCB0 /* MapKit.framework */ = {isa = PBXFileReference; lastKnownFileType = wrapper.framework; name = MapKit.framework; path = System/Library/Frameworks/MapKit.framework; sourceTree = SDKROOT; };
		C5A496CF1A27246700EDCCB0 /* SDUAnnotation.swift */ = {isa = PBXFileReference; fileEncoding = 4; lastKnownFileType = sourcecode.swift; path = SDUAnnotation.swift; sourceTree = "<group>"; };
/* End PBXFileReference section */

/* Begin PBXFrameworksBuildPhase section */
		C5A496A51A27226500EDCCB0 /* Frameworks */ = {
			isa = PBXFrameworksBuildPhase;
			buildActionMask = 2147483647;
			files = (
				C5A496CE1A2722EB00EDCCB0 /* MapKit.framework in Frameworks */,
			);
			runOnlyForDeploymentPostprocessing = 0;
		};
		C5A496BA1A27226500EDCCB0 /* Frameworks */ = {
			isa = PBXFrameworksBuildPhase;
			buildActionMask = 2147483647;
			files = (
			);
			runOnlyForDeploymentPostprocessing = 0;
		};
/* End PBXFrameworksBuildPhase section */

/* Begin PBXGroup section */
		C5A4969F1A27226400EDCCB0 = {
			isa = PBXGroup;
			children = (
				C5A496CD1A2722EB00EDCCB0 /* MapKit.framework */,
				C5A496AA1A27226500EDCCB0 /* Ders4-2 */,
				C5A496C01A27226500EDCCB0 /* Ders4-2Tests */,
				C5A496A91A27226500EDCCB0 /* Products */,
			);
			sourceTree = "<group>";
		};
		C5A496A91A27226500EDCCB0 /* Products */ = {
			isa = PBXGroup;
			children = (
				C5A496A81A27226500EDCCB0 /* Ders4-2.app */,
				C5A496BD1A27226500EDCCB0 /* Ders4-2Tests.xctest */,
			);
			name = Products;
			sourceTree = "<group>";
		};
		C5A496AA1A27226500EDCCB0 /* Ders4-2 */ = {
			isa = PBXGroup;
			children = (
				C5A496AD1A27226500EDCCB0 /* AppDelegate.swift */,
				C5A496AF1A27226500EDCCB0 /* ViewController.swift */,
				C5A496B11A27226500EDCCB0 /* Main.storyboard */,
				C5A496B41A27226500EDCCB0 /* Images.xcassets */,
				C5A496B61A27226500EDCCB0 /* LaunchScreen.xib */,
				C5A496AB1A27226500EDCCB0 /* Supporting Files */,
				C5A496CF1A27246700EDCCB0 /* SDUAnnotation.swift */,
			);
			path = "Ders4-2";
			sourceTree = "<group>";
		};
		C5A496AB1A27226500EDCCB0 /* Supporting Files */ = {
			isa = PBXGroup;
			children = (
				C5A496AC1A27226500EDCCB0 /* Info.plist */,
			);
			name = "Supporting Files";
			sourceTree = "<group>";
		};
		C5A496C01A27226500EDCCB0 /* Ders4-2Tests */ = {
			isa = PBXGroup;
			children = (
				C5A496C31A27226500EDCCB0 /* Ders4_2Tests.swift */,
				C5A496C11A27226500EDCCB0 /* Supporting Files */,
			);
			path = "Ders4-2Tests";
			sourceTree = "<group>";
		};
		C5A496C11A27226500EDCCB0 /* Supporting Files */ = {
			isa = PBXGroup;
			children = (
				C5A496C21A27226500EDCCB0 /* Info.plist */,
			);
			name = "Supporting Files";
			sourceTree = "<group>";
		};
/* End PBXGroup section */

/* Begin PBXNativeTarget section */
		C5A496A71A27226500EDCCB0 /* Ders4-2 */ = {
			isa = PBXNativeTarget;
			buildConfigurationList = C5A496C71A27226500EDCCB0 /* Build configuration list for PBXNativeTarget "Ders4-2" */;
			buildPhases = (
				C5A496A41A27226500EDCCB0 /* Sources */,
				C5A496A51A27226500EDCCB0 /* Frameworks */,
				C5A496A61A27226500EDCCB0 /* Resources */,
			);
			buildRules = (
			);
			dependencies = (
			);
			name = "Ders4-2";
			productName = "Ders4-2";
			productReference = C5A496A81A27226500EDCCB0 /* Ders4-2.app */;
			productType = "com.apple.product-type.application";
		};
		C5A496BC1A27226500EDCCB0 /* Ders4-2Tests */ = {
			isa = PBXNativeTarget;
			buildConfigurationList = C5A496CA1A27226500EDCCB0 /* Build configuration list for PBXNativeTarget "Ders4-2Tests" */;
			buildPhases = (
				C5A496B91A27226500EDCCB0 /* Sources */,
				C5A496BA1A27226500EDCCB0 /* Frameworks */,
				C5A496BB1A27226500EDCCB0 /* Resources */,
			);
			buildRules = (
			);
			dependencies = (
				C5A496BF1A27226500EDCCB0 /* PBXTargetDependency */,
			);
			name = "Ders4-2Tests";
			productName = "Ders4-2Tests";
			productReference = C5A496BD1A27226500EDCCB0 /* Ders4-2Tests.xctest */;
			productType = "com.apple.product-type.bundle.unit-test";
		};
/* End PBXNativeTarget section */

/* Begin PBXProject section */
		C5A496A01A27226400EDCCB0 /* Project object */ = {
			isa = PBXProject;
			attributes = {
				LastUpgradeCheck = 0610;
				ORGANIZATIONNAME = Wissen;
				TargetAttributes = {
					C5A496A71A27226500EDCCB0 = {
						CreatedOnToolsVersion = 6.1;
						SystemCapabilities = {
							com.apple.Maps.iOS = {
								enabled = 1;
							};
						};
					};
					C5A496BC1A27226500EDCCB0 = {
						CreatedOnToolsVersion = 6.1;
						TestTargetID = C5A496A71A27226500EDCCB0;
					};
				};
			};
			buildConfigurationList = C5A496A31A27226400EDCCB0 /* Build configuration list for PBXProject "Ders4-2" */;
			compatibilityVersion = "Xcode 3.2";
			developmentRegion = English;
			hasScannedForEncodings = 0;
			knownRegions = (
				en,
				Base,
			);
			mainGroup = C5A4969F1A27226400EDCCB0;
			productRefGroup = C5A496A91A27226500EDCCB0 /* Products */;
			projectDirPath = "";
			projectRoot = "";
			targets = (
				C5A496A71A27226500EDCCB0 /* Ders4-2 */,
				C5A496BC1A27226500EDCCB0 /* Ders4-2Tests */,
			);
		};
/* End PBXProject section */

/* Begin PBXResourcesBuildPhase section */
		C5A496A61A27226500EDCCB0 /* Resources */ = {
			isa = PBXResourcesBuildPhase;
			buildActionMask = 2147483647;
			files = (
				C5A496B31A27226500EDCCB0 /* Main.storyboard in Resources */,
				C5A496B81A27226500EDCCB0 /* LaunchScreen.xib in Resources */,
				C5A496B51A27226500EDCCB0 /* Images.xcassets in Resources */,
			);
			runOnlyForDeploymentPostprocessing = 0;
		};
		C5A496BB1A27226500EDCCB0 /* Resources */ = {
			isa = PBXResourcesBuildPhase;
			buildActionMask = 2147483647;
			files = (
			);
			runOnlyForDeploymentPostprocessing = 0;
		};
/* End PBXResourcesBuildPhase section */

/* Begin PBXSourcesBuildPhase section */
		C5A496A41A27226500EDCCB0 /* Sources */ = {
			isa = PBXSourcesBuildPhase;
			buildActionMask = 2147483647;
			files = (
				C5A496D01A27246700EDCCB0 /* SDUAnnotation.swift in Sources */,
				C5A496B01A27226500EDCCB0 /* ViewController.swift in Sources */,
				C5A496AE1A27226500EDCCB0 /* AppDelegate.swift in Sources */,
			);
			runOnlyForDeploymentPostprocessing = 0;
		};
		C5A496B91A27226500EDCCB0 /* Sources */ = {
			isa = PBXSourcesBuildPhase;
			buildActionMask = 2147483647;
			files = (
				C5A496C41A27226500EDCCB0 /* Ders4_2Tests.swift in Sources */,
			);
			runOnlyForDeploymentPostprocessing = 0;
		};
/* End PBXSourcesBuildPhase section */

/* Begin PBXTargetDependency section */
		C5A496BF1A27226500EDCCB0 /* PBXTargetDependency */ = {
			isa = PBXTargetDependency;
			target = C5A496A71A27226500EDCCB0 /* Ders4-2 */;
			targetProxy = C5A496BE1A27226500EDCCB0 /* PBXContainerItemProxy */;
		};
/* End PBXTargetDependency section */

/* Begin PBXVariantGroup section */
		C5A496B11A27226500EDCCB0 /* Main.storyboard */ = {
			isa = PBXVariantGroup;
			children = (
				C5A496B21A27226500EDCCB0 /* Base */,
			);
			name = Main.storyboard;
			sourceTree = "<group>";
		};
		C5A496B61A27226500EDCCB0 /* LaunchScreen.xib */ = {
			isa = PBXVariantGroup;
			children = (
				C5A496B71A27226500EDCCB0 /* Base */,
			);
			name = LaunchScreen.xib;
			sourceTree = "<group>";
		};
/* End PBXVariantGroup section */

/* Begin XCBuildConfiguration section */
		C5A496C51A27226500EDCCB0 /* Debug */ = {
			isa = XCBuildConfiguration;
			buildSettings = {
				ALWAYS_SEARCH_USER_PATHS = NO;
				CLANG_CXX_LANGUAGE_STANDARD = "gnu++0x";
				CLANG_CXX_LIBRARY = "libc++";
				CLANG_ENABLE_MODULES = YES;
				CLANG_ENABLE_OBJC_ARC = YES;
				CLANG_WARN_BOOL_CONVERSION = YES;
				CLANG_WARN_CONSTANT_CONVERSION = YES;
				CLANG_WARN_DIRECT_OBJC_ISA_USAGE = YES_ERROR;
				CLANG_WARN_EMPTY_BODY = YES;
				CLANG_WARN_ENUM_CONVERSION = YES;
				CLANG_WARN_INT_CONVERSION = YES;
				CLANG_WARN_OBJC_ROOT_CLASS = YES_ERROR;
				CLANG_WARN_UNREACHABLE_CODE = YES;
				CLANG_WARN__DUPLICATE_METHOD_MATCH = YES;
				"CODE_SIGN_IDENTITY[sdk=iphoneos*]" = "iPhone Developer";
				COPY_PHASE_STRIP = NO;
				ENABLE_STRICT_OBJC_MSGSEND = YES;
				GCC_C_LANGUAGE_STANDARD = gnu99;
				GCC_DYNAMIC_NO_PIC = NO;
				GCC_OPTIMIZATION_LEVEL = 0;
				GCC_PREPROCESSOR_DEFINITIONS = (
					"DEBUG=1",
					"$(inherited)",
				);
				GCC_SYMBOLS_PRIVATE_EXTERN = NO;
				GCC_WARN_64_TO_32_BIT_CONVERSION = YES;
				GCC_WARN_ABOUT_RETURN_TYPE = YES_ERROR;
				GCC_WARN_UNDECLARED_SELECTOR = YES;
				GCC_WARN_UNINITIALIZED_AUTOS = YES_AGGRESSIVE;
				GCC_WARN_UNUSED_FUNCTION = YES;
				GCC_WARN_UNUSED_VARIABLE = YES;
				IPHONEOS_DEPLOYMENT_TARGET = 8.1;
				MTL_ENABLE_DEBUG_INFO = YES;
				ONLY_ACTIVE_ARCH = YES;
				SDKROOT = iphoneos;
				SWIFT_OPTIMIZATION_LEVEL = "-Onone";
			};
			name = Debug;
		};
		C5A496C61A27226500EDCCB0 /* Release */ = {
			isa = XCBuildConfiguration;
			buildSettings = {
				ALWAYS_SEARCH_USER_PATHS = NO;
				CLANG_CXX_LANGUAGE_STANDARD = "gnu++0x";
				CLANG_CXX_LIBRARY = "libc++";
				CLANG_ENABLE_MODULES = YES;
				CLANG_ENABLE_OBJC_ARC = YES;
				CLANG_WARN_BOOL_CONVERSION = YES;
				CLANG_WARN_CONSTANT_CONVERSION = YES;
				CLANG_WARN_DIRECT_OBJC_ISA_USAGE = YES_ERROR;
				CLANG_WARN_EMPTY_BODY = YES;
				CLANG_WARN_ENUM_CONVERSION = YES;
				CLANG_WARN_INT_CONVERSION = YES;
				CLANG_WARN_OBJC_ROOT_CLASS = YES_ERROR;
				CLANG_WARN_UNREACHABLE_CODE = YES;
				CLANG_WARN__DUPLICATE_METHOD_MATCH = YES;
				"CODE_SIGN_IDENTITY[sdk=iphoneos*]" = "iPhone Developer";
				COPY_PHASE_STRIP = YES;
				ENABLE_NS_ASSERTIONS = NO;
				ENABLE_STRICT_OBJC_MSGSEND = YES;
				GCC_C_LANGUAGE_STANDARD = gnu99;
				GCC_WARN_64_TO_32_BIT_CONVERSION = YES;
				GCC_WARN_ABOUT_RETURN_TYPE = YES_ERROR;
				GCC_WARN_UNDECLARED_SELECTOR = YES;
				GCC_WARN_UNINITIALIZED_AUTOS = YES_AGGRESSIVE;
				GCC_WARN_UNUSED_FUNCTION = YES;
				GCC_WARN_UNUSED_VARIABLE = YES;
				IPHONEOS_DEPLOYMENT_TARGET = 8.1;
				MTL_ENABLE_DEBUG_INFO = NO;
				SDKROOT = iphoneos;
				VALIDATE_PRODUCT = YES;
			};
			name = Release;
		};
		C5A496C81A27226500EDCCB0 /* Debug */ = {
			isa = XCBuildConfiguration;
			buildSettings = {
				ASSETCATALOG_COMPILER_APPICON_NAME = AppIcon;
				INFOPLIST_FILE = "Ders4-2/Info.plist";
				LD_RUNPATH_SEARCH_PATHS = "$(inherited) @executable_path/Frameworks";
				PRODUCT_NAME = "$(TARGET_NAME)";
			};
			name = Debug;
		};
		C5A496C91A27226500EDCCB0 /* Release */ = {
			isa = XCBuildConfiguration;
			buildSettings = {
				ASSETCATALOG_COMPILER_APPICON_NAME = AppIcon;
				INFOPLIST_FILE = "Ders4-2/Info.plist";
				LD_RUNPATH_SEARCH_PATHS = "$(inherited) @executable_path/Frameworks";
				PRODUCT_NAME = "$(TARGET_NAME)";
			};
			name = Release;
		};
		C5A496CB1A27226500EDCCB0 /* Debug */ = {
			isa = XCBuildConfiguration;
			buildSettings = {
				BUNDLE_LOADER = "$(TEST_HOST)";
				FRAMEWORK_SEARCH_PATHS = (
					"$(SDKROOT)/Developer/Library/Frameworks",
					"$(inherited)",
				);
				GCC_PREPROCESSOR_DEFINITIONS = (
					"DEBUG=1",
					"$(inherited)",
				);
				INFOPLIST_FILE = "Ders4-2Tests/Info.plist";
				LD_RUNPATH_SEARCH_PATHS = "$(inherited) @executable_path/Frameworks @loader_path/Frameworks";
				PRODUCT_NAME = "$(TARGET_NAME)";
				TEST_HOST = "$(BUILT_PRODUCTS_DIR)/Ders4-2.app/Ders4-2";
			};
			name = Debug;
		};
		C5A496CC1A27226500EDCCB0 /* Release */ = {
			isa = XCBuildConfiguration;
			buildSettings = {
				BUNDLE_LOADER = "$(TEST_HOST)";
				FRAMEWORK_SEARCH_PATHS = (
					"$(SDKROOT)/Developer/Library/Frameworks",
					"$(inherited)",
				);
				INFOPLIST_FILE = "Ders4-2Tests/Info.plist";
				LD_RUNPATH_SEARCH_PATHS = "$(inherited) @executable_path/Frameworks @loader_path/Frameworks";
				PRODUCT_NAME = "$(TARGET_NAME)";
				TEST_HOST = "$(BUILT_PRODUCTS_DIR)/Ders4-2.app/Ders4-2";
			};
			name = Release;
		};
/* End XCBuildConfiguration section */

/* Begin XCConfigurationList section */
		C5A496A31A27226400EDCCB0 /* Build configuration list for PBXProject "Ders4-2" */ = {
			isa = XCConfigurationList;
			buildConfigurations = (
				C5A496C51A27226500EDCCB0 /* Debug */,
				C5A496C61A27226500EDCCB0 /* Release */,
			);
			defaultConfigurationIsVisible = 0;
			defaultConfigurationName = Release;
		};
		C5A496C71A27226500EDCCB0 /* Build configuration list for PBXNativeTarget "Ders4-2" */ = {
			isa = XCConfigurationList;
			buildConfigurations = (
				C5A496C81A27226500EDCCB0 /* Debug */,
				C5A496C91A27226500EDCCB0 /* Release */,
			);
			defaultConfigurationIsVisible = 0;
		};
		C5A496CA1A27226500EDCCB0 /* Build configuration list for PBXNativeTarget "Ders4-2Tests" */ = {
			isa = XCConfigurationList;
			buildConfigurations = (
				C5A496CB1A27226500EDCCB0 /* Debug */,
				C5A496CC1A27226500EDCCB0 /* Release */,
			);
			defaultConfigurationIsVisible = 0;
		};
/* End XCConfigurationList section */
	};
	rootObject = C5A496A01A27226400EDCCB0 /* Project object */;
}
